
Microsoft Visual Studio Solution File, Format Version 12.00
# Visual Studio 2013
VisualStudioVersion = 12.0.30723.0
MinimumVisualStudioVersion = 10.0.40219.1
Project("{FAE04EC0-301F-11D3-BF4B-00C04F79EFBC}") = "SmartOpinionPollingSystem", "SmartOpinionPollingSystem\SmartOpinionPollingSystem.csproj", "{B93D47D3-B272-4BF5-9D96-0D4A30F30AF3}"
EndProject
Project("{2150E333-8FDC-42A3-9474-1A3956D46DE8}") = "SmartOpinionLibraries", "SmartOpinionLibraries", "{DA10E852-8327-4D1F-8617-EAE81C942D40}"
EndProject
Project("{2150E333-8FDC-42A3-9474-1A3956D46DE8}") = "CommonLibraries", "CommonLibraries", "{AE8AA633-D4FF-46FD-8090-BB5ACD8A23B0}"
EndProject
Project("{FAE04EC0-301F-11D3-BF4B-00C04F79EFBC}") = "SOP.Services", "SOP.Services\SOP.Services.csproj", "{C3474D99-AC94-4FF0-AA2A-D6587ADB2CAD}"
EndProject
Project("{FAE04EC0-301F-11D3-BF4B-00C04F79EFBC}") = "SOP.Data", "SOP.Data\SOP.Data.csproj", "{D7B5B5A7-4CB0-4854-B763-4A07B0D8F011}"
EndProject
Project("{FAE04EC0-301F-11D3-BF4B-00C04F79EFBC}") = "SOP.Common", "SOP.Common\SOP.Common.csproj", "{AEE98E14-1060-4A0B-BA9E-7B450B5280A5}"
EndProject
Global
	GlobalSection(SolutionConfigurationPlatforms) = preSolution
		Debug|Any CPU = Debug|Any CPU
		Release|Any CPU = Release|Any CPU
	EndGlobalSection
	GlobalSection(ProjectConfigurationPlatforms) = postSolution
		{B93D47D3-B272-4BF5-9D96-0D4A30F30AF3}.Debug|Any CPU.ActiveCfg = Debug|Any CPU
		{B93D47D3-B272-4BF5-9D96-0D4A30F30AF3}.Debug|Any CPU.Build.0 = Debug|Any CPU
		{B93D47D3-B272-4BF5-9D96-0D4A30F30AF3}.Release|Any CPU.ActiveCfg = Release|Any CPU
		{B93D47D3-B272-4BF5-9D96-0D4A30F30AF3}.Release|Any CPU.Build.0 = Release|Any CPU
		{C3474D99-AC94-4FF0-AA2A-D6587ADB2CAD}.Debug|Any CPU.ActiveCfg = Debug|Any CPU
		{C3474D99-AC94-4FF0-AA2A-D6587ADB2CAD}.Debug|Any CPU.Build.0 = Debug|Any CPU
		{C3474D99-AC94-4FF0-AA2A-D6587ADB2CAD}.Release|Any CPU.ActiveCfg = Release|Any CPU
		{C3474D99-AC94-4FF0-AA2A-D6587ADB2CAD}.Release|Any CPU.Build.0 = Release|Any CPU
		{D7B5B5A7-4CB0-4854-B763-4A07B0D8F011}.Debug|Any CPU.ActiveCfg = Debug|Any CPU
		{D7B5B5A7-4CB0-4854-B763-4A07B0D8F011}.Debug|Any CPU.Build.0 = Debug|Any CPU
		{D7B5B5A7-4CB0-4854-B763-4A07B0D8F011}.Release|Any CPU.ActiveCfg = Release|Any CPU
		{D7B5B5A7-4CB0-4854-B763-4A07B0D8F011}.Release|Any CPU.Build.0 = Release|Any CPU
		{AEE98E14-1060-4A0B-BA9E-7B450B5280A5}.Debug|Any CPU.ActiveCfg = Debug|Any CPU
		{AEE98E14-1060-4A0B-BA9E-7B450B5280A5}.Debug|Any CPU.Build.0 = Debug|Any CPU
		{AEE98E14-1060-4A0B-BA9E-7B450B5280A5}.Release|Any CPU.ActiveCfg = Release|Any CPU
		{AEE98E14-1060-4A0B-BA9E-7B450B5280A5}.Release|Any CPU.Build.0 = Release|Any CPU
	EndGlobalSection
	GlobalSection(SolutionProperties) = preSolution
		HideSolutionNode = FALSE
	EndGlobalSection
	GlobalSection(NestedProjects) = preSolution
		{C3474D99-AC94-4FF0-AA2A-D6587ADB2CAD} = {DA10E852-8327-4D1F-8617-EAE81C942D40}
		{D7B5B5A7-4CB0-4854-B763-4A07B0D8F011} = {DA10E852-8327-4D1F-8617-EAE81C942D40}
		{AEE98E14-1060-4A0B-BA9E-7B450B5280A5} = {AE8AA633-D4FF-46FD-8090-BB5ACD8A23B0}
	EndGlobalSection
EndGlobal
